// !$*UTF8*$!
{
	archiveVersion = 1;
	classes = {
	};
	objectVersion = 50;
	objects = {

/* Begin PBXBuildFile section */
		4E09F1E524B7A57400DF7EA6 /* TransformerViewControllerTests.swift in Sources */ = {isa = PBXBuildFile; fileRef = 4E09F1E224B7A52C00DF7EA6 /* TransformerViewControllerTests.swift */; };
		4E253DC624B49314003E72A1 /* CreateTransformerViewController.swift in Sources */ = {isa = PBXBuildFile; fileRef = 4E253DC524B49314003E72A1 /* CreateTransformerViewController.swift */; };
		4E282E8124B5B8200039630F /* BattlefieldTransformerViewController.swift in Sources */ = {isa = PBXBuildFile; fileRef = 4E282E8024B5B8200039630F /* BattlefieldTransformerViewController.swift */; };
		4E282E8324B5C1690039630F /* BattlefieldTransformerTableViewDatasourceAndDelegate.swift in Sources */ = {isa = PBXBuildFile; fileRef = 4E282E8224B5C1690039630F /* BattlefieldTransformerTableViewDatasourceAndDelegate.swift */; };
		4E57436924B36A8300396792 /* AppDelegate.swift in Sources */ = {isa = PBXBuildFile; fileRef = 4E57436824B36A8300396792 /* AppDelegate.swift */; };
		4E57436B24B36A8300396792 /* SceneDelegate.swift in Sources */ = {isa = PBXBuildFile; fileRef = 4E57436A24B36A8300396792 /* SceneDelegate.swift */; };
		4E57436D24B36A8300396792 /* TransformerViewController.swift in Sources */ = {isa = PBXBuildFile; fileRef = 4E57436C24B36A8300396792 /* TransformerViewController.swift */; };
		4E57437024B36A8300396792 /* Main.storyboard in Resources */ = {isa = PBXBuildFile; fileRef = 4E57436E24B36A8300396792 /* Main.storyboard */; };
		4E57437224B36A8600396792 /* Assets.xcassets in Resources */ = {isa = PBXBuildFile; fileRef = 4E57437124B36A8600396792 /* Assets.xcassets */; };
		4E57437524B36A8600396792 /* LaunchScreen.storyboard in Resources */ = {isa = PBXBuildFile; fileRef = 4E57437324B36A8600396792 /* LaunchScreen.storyboard */; };
		4E57438B24B36A8600396792 /* TransformersAppSwiftUITests.swift in Sources */ = {isa = PBXBuildFile; fileRef = 4E57438A24B36A8600396792 /* TransformersAppSwiftUITests.swift */; };
		4E57439C24B36E8B00396792 /* TransformerDataModel.swift in Sources */ = {isa = PBXBuildFile; fileRef = 4E57439B24B36E8B00396792 /* TransformerDataModel.swift */; };
		4E57439E24B3706D00396792 /* TransformerNetworkAPI.swift in Sources */ = {isa = PBXBuildFile; fileRef = 4E57439D24B3706D00396792 /* TransformerNetworkAPI.swift */; };
		4E5743A524B3715B00396792 /* TransformerConstants.swift in Sources */ = {isa = PBXBuildFile; fileRef = 4E5743A424B3715B00396792 /* TransformerConstants.swift */; };
		4E61B45624B8F0E100755408 /* CreateTransformerViewControllerTests.swift in Sources */ = {isa = PBXBuildFile; fileRef = 4E61B45524B8F0E100755408 /* CreateTransformerViewControllerTests.swift */; };
		4E61B45A24B8F95000755408 /* BattlefieldTransformerViewControllerTests.swift in Sources */ = {isa = PBXBuildFile; fileRef = 4E61B45924B8F95000755408 /* BattlefieldTransformerViewControllerTests.swift */; };
		4E61B45C24BA01C500755408 /* TransformerNetworkAPITests.swift in Sources */ = {isa = PBXBuildFile; fileRef = 4E61B45B24BA01C500755408 /* TransformerNetworkAPITests.swift */; };
/* End PBXBuildFile section */

/* Begin PBXContainerItemProxy section */
		4E57437C24B36A8600396792 /* PBXContainerItemProxy */ = {
			isa = PBXContainerItemProxy;
			containerPortal = 4E57435D24B36A8300396792 /* Project object */;
			proxyType = 1;
			remoteGlobalIDString = 4E57436424B36A8300396792;
			remoteInfo = TransformersAppSwift;
		};
		4E57438724B36A8600396792 /* PBXContainerItemProxy */ = {
			isa = PBXContainerItemProxy;
			containerPortal = 4E57435D24B36A8300396792 /* Project object */;
			proxyType = 1;
			remoteGlobalIDString = 4E57436424B36A8300396792;
			remoteInfo = TransformersAppSwift;
		};
/* End PBXContainerItemProxy section */

/* Begin PBXFileReference section */
		4E09F1E224B7A52C00DF7EA6 /* TransformerViewControllerTests.swift */ = {isa = PBXFileReference; lastKnownFileType = sourcecode.swift; path = TransformerViewControllerTests.swift; sourceTree = "<group>"; };
		4E253DC524B49314003E72A1 /* CreateTransformerViewController.swift */ = {isa = PBXFileReference; lastKnownFileType = sourcecode.swift; path = CreateTransformerViewController.swift; sourceTree = "<group>"; };
		4E282E8024B5B8200039630F /* BattlefieldTransformerViewController.swift */ = {isa = PBXFileReference; lastKnownFileType = sourcecode.swift; path = BattlefieldTransformerViewController.swift; sourceTree = "<group>"; };
		4E282E8224B5C1690039630F /* BattlefieldTransformerTableViewDatasourceAndDelegate.swift */ = {isa = PBXFileReference; lastKnownFileType = sourcecode.swift; path = BattlefieldTransformerTableViewDatasourceAndDelegate.swift; sourceTree = "<group>"; };
		4E57436524B36A8300396792 /* TransformersAppSwift.app */ = {isa = PBXFileReference; explicitFileType = wrapper.application; includeInIndex = 0; path = TransformersAppSwift.app; sourceTree = BUILT_PRODUCTS_DIR; };
		4E57436824B36A8300396792 /* AppDelegate.swift */ = {isa = PBXFileReference; lastKnownFileType = sourcecode.swift; path = AppDelegate.swift; sourceTree = "<group>"; };
		4E57436A24B36A8300396792 /* SceneDelegate.swift */ = {isa = PBXFileReference; lastKnownFileType = sourcecode.swift; path = SceneDelegate.swift; sourceTree = "<group>"; };
		4E57436C24B36A8300396792 /* TransformerViewController.swift */ = {isa = PBXFileReference; lastKnownFileType = sourcecode.swift; path = TransformerViewController.swift; sourceTree = "<group>"; };
		4E57436F24B36A8300396792 /* Base */ = {isa = PBXFileReference; lastKnownFileType = file.storyboard; name = Base; path = Base.lproj/Main.storyboard; sourceTree = "<group>"; };
		4E57437124B36A8600396792 /* Assets.xcassets */ = {isa = PBXFileReference; lastKnownFileType = folder.assetcatalog; path = Assets.xcassets; sourceTree = "<group>"; };
		4E57437424B36A8600396792 /* Base */ = {isa = PBXFileReference; lastKnownFileType = file.storyboard; name = Base; path = Base.lproj/LaunchScreen.storyboard; sourceTree = "<group>"; };
		4E57437624B36A8600396792 /* Info.plist */ = {isa = PBXFileReference; lastKnownFileType = text.plist.xml; path = Info.plist; sourceTree = "<group>"; };
		4E57437B24B36A8600396792 /* TransformersAppSwiftTests.xctest */ = {isa = PBXFileReference; explicitFileType = wrapper.cfbundle; includeInIndex = 0; path = TransformersAppSwiftTests.xctest; sourceTree = BUILT_PRODUCTS_DIR; };
		4E57438124B36A8600396792 /* Info.plist */ = {isa = PBXFileReference; lastKnownFileType = text.plist.xml; path = Info.plist; sourceTree = "<group>"; };
		4E57438624B36A8600396792 /* TransformersAppSwiftUITests.xctest */ = {isa = PBXFileReference; explicitFileType = wrapper.cfbundle; includeInIndex = 0; path = TransformersAppSwiftUITests.xctest; sourceTree = BUILT_PRODUCTS_DIR; };
		4E57438A24B36A8600396792 /* TransformersAppSwiftUITests.swift */ = {isa = PBXFileReference; lastKnownFileType = sourcecode.swift; path = TransformersAppSwiftUITests.swift; sourceTree = "<group>"; };
		4E57438C24B36A8600396792 /* Info.plist */ = {isa = PBXFileReference; lastKnownFileType = text.plist.xml; path = Info.plist; sourceTree = "<group>"; };
		4E57439B24B36E8B00396792 /* TransformerDataModel.swift */ = {isa = PBXFileReference; lastKnownFileType = sourcecode.swift; path = TransformerDataModel.swift; sourceTree = "<group>"; };
		4E57439D24B3706D00396792 /* TransformerNetworkAPI.swift */ = {isa = PBXFileReference; lastKnownFileType = sourcecode.swift; path = TransformerNetworkAPI.swift; sourceTree = "<group>"; };
		4E5743A424B3715B00396792 /* TransformerConstants.swift */ = {isa = PBXFileReference; lastKnownFileType = sourcecode.swift; path = TransformerConstants.swift; sourceTree = "<group>"; };
		4E61B45524B8F0E100755408 /* CreateTransformerViewControllerTests.swift */ = {isa = PBXFileReference; lastKnownFileType = sourcecode.swift; path = CreateTransformerViewControllerTests.swift; sourceTree = "<group>"; };
		4E61B45924B8F95000755408 /* BattlefieldTransformerViewControllerTests.swift */ = {isa = PBXFileReference; lastKnownFileType = sourcecode.swift; path = BattlefieldTransformerViewControllerTests.swift; sourceTree = "<group>"; };
		4E61B45B24BA01C500755408 /* TransformerNetworkAPITests.swift */ = {isa = PBXFileReference; lastKnownFileType = sourcecode.swift; path = TransformerNetworkAPITests.swift; sourceTree = "<group>"; };
/* End PBXFileReference section */

/* Begin PBXFrameworksBuildPhase section */
		4E57436224B36A8300396792 /* Frameworks */ = {
			isa = PBXFrameworksBuildPhase;
			buildActionMask = 2147483647;
			files = (
			);
			runOnlyForDeploymentPostprocessing = 0;
		};
		4E57437824B36A8600396792 /* Frameworks */ = {
			isa = PBXFrameworksBuildPhase;
			buildActionMask = 2147483647;
			files = (
			);
			runOnlyForDeploymentPostprocessing = 0;
		};
		4E57438324B36A8600396792 /* Frameworks */ = {
			isa = PBXFrameworksBuildPhase;
			buildActionMask = 2147483647;
			files = (
			);
			runOnlyForDeploymentPostprocessing = 0;
		};
/* End PBXFrameworksBuildPhase section */

/* Begin PBXGroup section */
		4E57435C24B36A8300396792 = {
			isa = PBXGroup;
			children = (
				4E57436724B36A8300396792 /* TransformersAppSwift */,
				4E57437E24B36A8600396792 /* TransformersAppSwiftTests */,
				4E57438924B36A8600396792 /* TransformersAppSwiftUITests */,
				4E57436624B36A8300396792 /* Products */,
			);
			sourceTree = "<group>";
		};
		4E57436624B36A8300396792 /* Products */ = {
			isa = PBXGroup;
			children = (
				4E57436524B36A8300396792 /* TransformersAppSwift.app */,
				4E57437B24B36A8600396792 /* TransformersAppSwiftTests.xctest */,
				4E57438624B36A8600396792 /* TransformersAppSwiftUITests.xctest */,
			);
			name = Products;
			sourceTree = "<group>";
		};
		4E57436724B36A8300396792 /* TransformersAppSwift */ = {
			isa = PBXGroup;
			children = (
				4E5743A324B3714C00396792 /* Utility */,
				4E57439A24B36B6700396792 /* Model Layer */,
				4E57439924B36B5A00396792 /* PresentationLayer */,
				4E57439824B36B4D00396792 /* Network Layer */,
				4E57436824B36A8300396792 /* AppDelegate.swift */,
				4E57436A24B36A8300396792 /* SceneDelegate.swift */,
				4E57436E24B36A8300396792 /* Main.storyboard */,
				4E57437124B36A8600396792 /* Assets.xcassets */,
				4E57437324B36A8600396792 /* LaunchScreen.storyboard */,
				4E57437624B36A8600396792 /* Info.plist */,
			);
			path = TransformersAppSwift;
			sourceTree = "<group>";
		};
		4E57437E24B36A8600396792 /* TransformersAppSwiftTests */ = {
			isa = PBXGroup;
			children = (
				4E57438124B36A8600396792 /* Info.plist */,
				4E09F1E224B7A52C00DF7EA6 /* TransformerViewControllerTests.swift */,
				4E61B45524B8F0E100755408 /* CreateTransformerViewControllerTests.swift */,
				4E61B45924B8F95000755408 /* BattlefieldTransformerViewControllerTests.swift */,
				4E61B45B24BA01C500755408 /* TransformerNetworkAPITests.swift */,
			);
			path = TransformersAppSwiftTests;
			sourceTree = "<group>";
		};
		4E57438924B36A8600396792 /* TransformersAppSwiftUITests */ = {
			isa = PBXGroup;
			children = (
				4E57438A24B36A8600396792 /* TransformersAppSwiftUITests.swift */,
				4E57438C24B36A8600396792 /* Info.plist */,
			);
			path = TransformersAppSwiftUITests;
			sourceTree = "<group>";
		};
		4E57439824B36B4D00396792 /* Network Layer */ = {
			isa = PBXGroup;
			children = (
				4E57439D24B3706D00396792 /* TransformerNetworkAPI.swift */,
			);
			path = "Network Layer";
			sourceTree = "<group>";
		};
		4E57439924B36B5A00396792 /* PresentationLayer */ = {
			isa = PBXGroup;
			children = (
				4E57436C24B36A8300396792 /* TransformerViewController.swift */,
				4E253DC524B49314003E72A1 /* CreateTransformerViewController.swift */,
				4E282E8024B5B8200039630F /* BattlefieldTransformerViewController.swift */,
				4E282E8224B5C1690039630F /* BattlefieldTransformerTableViewDatasourceAndDelegate.swift */,
			);
			path = PresentationLayer;
			sourceTree = "<group>";
		};
		4E57439A24B36B6700396792 /* Model Layer */ = {
			isa = PBXGroup;
			children = (
				4E57439B24B36E8B00396792 /* TransformerDataModel.swift */,
			);
			path = "Model Layer";
			sourceTree = "<group>";
		};
		4E5743A324B3714C00396792 /* Utility */ = {
			isa = PBXGroup;
			children = (
				4E5743A424B3715B00396792 /* TransformerConstants.swift */,
			);
			path = Utility;
			sourceTree = "<group>";
		};
/* End PBXGroup section */

/* Begin PBXNativeTarget section */
		4E57436424B36A8300396792 /* TransformersAppSwift */ = {
			isa = PBXNativeTarget;
			buildConfigurationList = 4E57438F24B36A8600396792 /* Build configuration list for PBXNativeTarget "TransformersAppSwift" */;
			buildPhases = (
				4E57436124B36A8300396792 /* Sources */,
				4E57436224B36A8300396792 /* Frameworks */,
				4E57436324B36A8300396792 /* Resources */,
			);
			buildRules = (
			);
			dependencies = (
			);
			name = TransformersAppSwift;
			productName = TransformersAppSwift;
			productReference = 4E57436524B36A8300396792 /* TransformersAppSwift.app */;
			productType = "com.apple.product-type.application";
		};
		4E57437A24B36A8600396792 /* TransformersAppSwiftTests */ = {
			isa = PBXNativeTarget;
			buildConfigurationList = 4E57439224B36A8600396792 /* Build configuration list for PBXNativeTarget "TransformersAppSwiftTests" */;
			buildPhases = (
				4E57437724B36A8600396792 /* Sources */,
				4E57437824B36A8600396792 /* Frameworks */,
				4E57437924B36A8600396792 /* Resources */,
			);
			buildRules = (
			);
			dependencies = (
				4E57437D24B36A8600396792 /* PBXTargetDependency */,
			);
			name = TransformersAppSwiftTests;
			productName = TransformersAppSwiftTests;
			productReference = 4E57437B24B36A8600396792 /* TransformersAppSwiftTests.xctest */;
			productType = "com.apple.product-type.bundle.unit-test";
		};
		4E57438524B36A8600396792 /* TransformersAppSwiftUITests */ = {
			isa = PBXNativeTarget;
			buildConfigurationList = 4E57439524B36A8600396792 /* Build configuration list for PBXNativeTarget "TransformersAppSwiftUITests" */;
			buildPhases = (
				4E57438224B36A8600396792 /* Sources */,
				4E57438324B36A8600396792 /* Frameworks */,
				4E57438424B36A8600396792 /* Resources */,
			);
			buildRules = (
			);
			dependencies = (
				4E57438824B36A8600396792 /* PBXTargetDependency */,
			);
			name = TransformersAppSwiftUITests;
			productName = TransformersAppSwiftUITests;
			productReference = 4E57438624B36A8600396792 /* TransformersAppSwiftUITests.xctest */;
			productType = "com.apple.product-type.bundle.ui-testing";
		};
/* End PBXNativeTarget section */

/* Begin PBXProject section */
		4E57435D24B36A8300396792 /* Project object */ = {
			isa = PBXProject;
			attributes = {
				LastSwiftUpdateCheck = 1110;
				LastUpgradeCheck = 1110;
				ORGANIZATIONNAME = "Anjali Pragati Dennis";
				TargetAttributes = {
					4E57436424B36A8300396792 = {
						CreatedOnToolsVersion = 11.1;
					};
					4E57437A24B36A8600396792 = {
						CreatedOnToolsVersion = 11.1;
						TestTargetID = 4E57436424B36A8300396792;
					};
					4E57438524B36A8600396792 = {
						CreatedOnToolsVersion = 11.1;
						TestTargetID = 4E57436424B36A8300396792;
					};
				};
			};
			buildConfigurationList = 4E57436024B36A8300396792 /* Build configuration list for PBXProject "TransformersAppSwift" */;
			compatibilityVersion = "Xcode 9.3";
			developmentRegion = en;
			hasScannedForEncodings = 0;
			knownRegions = (
				en,
				Base,
			);
			mainGroup = 4E57435C24B36A8300396792;
			productRefGroup = 4E57436624B36A8300396792 /* Products */;
			projectDirPath = "";
			projectRoot = "";
			targets = (
				4E57436424B36A8300396792 /* TransformersAppSwift */,
				4E57437A24B36A8600396792 /* TransformersAppSwiftTests */,
				4E57438524B36A8600396792 /* TransformersAppSwiftUITests */,
			);
		};
/* End PBXProject section */

/* Begin PBXResourcesBuildPhase section */
		4E57436324B36A8300396792 /* Resources */ = {
			isa = PBXResourcesBuildPhase;
			buildActionMask = 2147483647;
			files = (
				4E57437524B36A8600396792 /* LaunchScreen.storyboard in Resources */,
				4E57437224B36A8600396792 /* Assets.xcassets in Resources */,
				4E57437024B36A8300396792 /* Main.storyboard in Resources */,
			);
			runOnlyForDeploymentPostprocessing = 0;
		};
		4E57437924B36A8600396792 /* Resources */ = {
			isa = PBXResourcesBuildPhase;
			buildActionMask = 2147483647;
			files = (
			);
			runOnlyForDeploymentPostprocessing = 0;
		};
		4E57438424B36A8600396792 /* Resources */ = {
			isa = PBXResourcesBuildPhase;
			buildActionMask = 2147483647;
			files = (
			);
			runOnlyForDeploymentPostprocessing = 0;
		};
/* End PBXResourcesBuildPhase section */

/* Begin PBXSourcesBuildPhase section */
		4E57436124B36A8300396792 /* Sources */ = {
			isa = PBXSourcesBuildPhase;
			buildActionMask = 2147483647;
			files = (
				4E282E8324B5C1690039630F /* BattlefieldTransformerTableViewDatasourceAndDelegate.swift in Sources */,
				4E253DC624B49314003E72A1 /* CreateTransformerViewController.swift in Sources */,
				4E57436D24B36A8300396792 /* TransformerViewController.swift in Sources */,
				4E57436924B36A8300396792 /* AppDelegate.swift in Sources */,
				4E57439E24B3706D00396792 /* TransformerNetworkAPI.swift in Sources */,
				4E57436B24B36A8300396792 /* SceneDelegate.swift in Sources */,
				4E57439C24B36E8B00396792 /* TransformerDataModel.swift in Sources */,
				4E5743A524B3715B00396792 /* TransformerConstants.swift in Sources */,
				4E282E8124B5B8200039630F /* BattlefieldTransformerViewController.swift in Sources */,
			);
			runOnlyForDeploymentPostprocessing = 0;
		};
		4E57437724B36A8600396792 /* Sources */ = {
			isa = PBXSourcesBuildPhase;
			buildActionMask = 2147483647;
			files = (
				4E09F1E524B7A57400DF7EA6 /* TransformerViewControllerTests.swift in Sources */,
				4E61B45624B8F0E100755408 /* CreateTransformerViewControllerTests.swift in Sources */,
				4E61B45C24BA01C500755408 /* TransformerNetworkAPITests.swift in Sources */,
				4E61B45A24B8F95000755408 /* BattlefieldTransformerViewControllerTests.swift in Sources */,
			);
			runOnlyForDeploymentPostprocessing = 0;
		};
		4E57438224B36A8600396792 /* Sources */ = {
			isa = PBXSourcesBuildPhase;
			buildActionMask = 2147483647;
			files = (
				4E57438B24B36A8600396792 /* TransformersAppSwiftUITests.swift in Sources */,
			);
			runOnlyForDeploymentPostprocessing = 0;
		};
/* End PBXSourcesBuildPhase section */

/* Begin PBXTargetDependency section */
		4E57437D24B36A8600396792 /* PBXTargetDependency */ = {
			isa = PBXTargetDependency;
			target = 4E57436424B36A8300396792 /* TransformersAppSwift */;
			targetProxy = 4E57437C24B36A8600396792 /* PBXContainerItemProxy */;
		};
		4E57438824B36A8600396792 /* PBXTargetDependency */ = {
			isa = PBXTargetDependency;
			target = 4E57436424B36A8300396792 /* TransformersAppSwift */;
			targetProxy = 4E57438724B36A8600396792 /* PBXContainerItemProxy */;
		};
/* End PBXTargetDependency section */

/* Begin PBXVariantGroup section */
		4E57436E24B36A8300396792 /* Main.storyboard */ = {
			isa = PBXVariantGroup;
			children = (
				4E57436F24B36A8300396792 /* Base */,
			);
			name = Main.storyboard;
			sourceTree = "<group>";
		};
		4E57437324B36A8600396792 /* LaunchScreen.storyboard */ = {
			isa = PBXVariantGroup;
			children = (
				4E57437424B36A8600396792 /* Base */,
			);
			name = LaunchScreen.storyboard;
			sourceTree = "<group>";
		};
/* End PBXVariantGroup section */

/* Begin XCBuildConfiguration section */
		4E57438D24B36A8600396792 /* Debug */ = {
			isa = XCBuildConfiguration;
			buildSettings = {
				ALWAYS_SEARCH_USER_PATHS = NO;
				CLANG_ANALYZER_NONNULL = YES;
				CLANG_ANALYZER_NUMBER_OBJECT_CONVERSION = YES_AGGRESSIVE;
				CLANG_CXX_LANGUAGE_STANDARD = "gnu++14";
				CLANG_CXX_LIBRARY = "libc++";
				CLANG_ENABLE_MODULES = YES;
				CLANG_ENABLE_OBJC_ARC = YES;
				CLANG_ENABLE_OBJC_WEAK = YES;
				CLANG_WARN_BLOCK_CAPTURE_AUTORELEASING = YES;
				CLANG_WARN_BOOL_CONVERSION = YES;
				CLANG_WARN_COMMA = YES;
				CLANG_WARN_CONSTANT_CONVERSION = YES;
				CLANG_WARN_DEPRECATED_OBJC_IMPLEMENTATIONS = YES;
				CLANG_WARN_DIRECT_OBJC_ISA_USAGE = YES_ERROR;
				CLANG_WARN_DOCUMENTATION_COMMENTS = YES;
				CLANG_WARN_EMPTY_BODY = YES;
				CLANG_WARN_ENUM_CONVERSION = YES;
				CLANG_WARN_INFINITE_RECURSION = YES;
				CLANG_WARN_INT_CONVERSION = YES;
				CLANG_WARN_NON_LITERAL_NULL_CONVERSION = YES;
				CLANG_WARN_OBJC_IMPLICIT_RETAIN_SELF = YES;
				CLANG_WARN_OBJC_LITERAL_CONVERSION = YES;
				CLANG_WARN_OBJC_ROOT_CLASS = YES_ERROR;
				CLANG_WARN_RANGE_LOOP_ANALYSIS = YES;
				CLANG_WARN_STRICT_PROTOTYPES = YES;
				CLANG_WARN_SUSPICIOUS_MOVE = YES;
				CLANG_WARN_UNGUARDED_AVAILABILITY = YES_AGGRESSIVE;
				CLANG_WARN_UNREACHABLE_CODE = YES;
				CLANG_WARN__DUPLICATE_METHOD_MATCH = YES;
				COPY_PHASE_STRIP = NO;
				DEBUG_INFORMATION_FORMAT = dwarf;
				ENABLE_STRICT_OBJC_MSGSEND = YES;
				ENABLE_TESTABILITY = YES;
				GCC_C_LANGUAGE_STANDARD = gnu11;
				GCC_DYNAMIC_NO_PIC = NO;
				GCC_NO_COMMON_BLOCKS = YES;
				GCC_OPTIMIZATION_LEVEL = 0;
				GCC_PREPROCESSOR_DEFINITIONS = (
					"DEBUG=1",
					"$(inherited)",
				);
				GCC_WARN_64_TO_32_BIT_CONVERSION = YES;
				GCC_WARN_ABOUT_RETURN_TYPE = YES_ERROR;
				GCC_WARN_UNDECLARED_SELECTOR = YES;
				GCC_WARN_UNINITIALIZED_AUTOS = YES_AGGRESSIVE;
				GCC_WARN_UNUSED_FUNCTION = YES;
				GCC_WARN_UNUSED_VARIABLE = YES;
				IPHONEOS_DEPLOYMENT_TARGET = 13.1;
				MTL_ENABLE_DEBUG_INFO = INCLUDE_SOURCE;
				MTL_FAST_MATH = YES;
				ONLY_ACTIVE_ARCH = YES;
				SDKROOT = iphoneos;
				SWIFT_ACTIVE_COMPILATION_CONDITIONS = DEBUG;
				SWIFT_OPTIMIZATION_LEVEL = "-Onone";
			};
			name = Debug;
		};
		4E57438E24B36A8600396792 /* Release */ = {
			isa = XCBuildConfiguration;
			buildSettings = {
				ALWAYS_SEARCH_USER_PATHS = NO;
				CLANG_ANALYZER_NONNULL = YES;
				CLANG_ANALYZER_NUMBER_OBJECT_CONVERSION = YES_AGGRESSIVE;
				CLANG_CXX_LANGUAGE_STANDARD = "gnu++14";
				CLANG_CXX_LIBRARY = "libc++";
				CLANG_ENABLE_MODULES = YES;
				CLANG_ENABLE_OBJC_ARC = YES;
				CLANG_ENABLE_OBJC_WEAK = YES;
				CLANG_WARN_BLOCK_CAPTURE_AUTORELEASING = YES;
				CLANG_WARN_BOOL_CONVERSION = YES;
				CLANG_WARN_COMMA = YES;
				CLANG_WARN_CONSTANT_CONVERSION = YES;
				CLANG_WARN_DEPRECATED_OBJC_IMPLEMENTATIONS = YES;
				CLANG_WARN_DIRECT_OBJC_ISA_USAGE = YES_ERROR;
				CLANG_WARN_DOCUMENTATION_COMMENTS = YES;
				CLANG_WARN_EMPTY_BODY = YES;
				CLANG_WARN_ENUM_CONVERSION = YES;
				CLANG_WARN_INFINITE_RECURSION = YES;
				CLANG_WARN_INT_CONVERSION = YES;
				CLANG_WARN_NON_LITERAL_NULL_CONVERSION = YES;
				CLANG_WARN_OBJC_IMPLICIT_RETAIN_SELF = YES;
				CLANG_WARN_OBJC_LITERAL_CONVERSION = YES;
				CLANG_WARN_OBJC_ROOT_CLASS = YES_ERROR;
				CLANG_WARN_RANGE_LOOP_ANALYSIS = YES;
				CLANG_WARN_STRICT_PROTOTYPES = YES;
				CLANG_WARN_SUSPICIOUS_MOVE = YES;
				CLANG_WARN_UNGUARDED_AVAILABILITY = YES_AGGRESSIVE;
				CLANG_WARN_UNREACHABLE_CODE = YES;
				CLANG_WARN__DUPLICATE_METHOD_MATCH = YES;
				COPY_PHASE_STRIP = NO;
				DEBUG_INFORMATION_FORMAT = "dwarf-with-dsym";
				ENABLE_NS_ASSERTIONS = NO;
				ENABLE_STRICT_OBJC_MSGSEND = YES;
				GCC_C_LANGUAGE_STANDARD = gnu11;
				GCC_NO_COMMON_BLOCKS = YES;
				GCC_WARN_64_TO_32_BIT_CONVERSION = YES;
				GCC_WARN_ABOUT_RETURN_TYPE = YES_ERROR;
				GCC_WARN_UNDECLARED_SELECTOR = YES;
				GCC_WARN_UNINITIALIZED_AUTOS = YES_AGGRESSIVE;
				GCC_WARN_UNUSED_FUNCTION = YES;
				GCC_WARN_UNUSED_VARIABLE = YES;
				IPHONEOS_DEPLOYMENT_TARGET = 13.1;
				MTL_ENABLE_DEBUG_INFO = NO;
				MTL_FAST_MATH = YES;
				SDKROOT = iphoneos;
				SWIFT_COMPILATION_MODE = wholemodule;
				SWIFT_OPTIMIZATION_LEVEL = "-O";
				VALIDATE_PRODUCT = YES;
			};
			name = Release;
		};
		4E57439024B36A8600396792 /* Debug */ = {
			isa = XCBuildConfiguration;
			buildSettings = {
				ASSETCATALOG_COMPILER_APPICON_NAME = AppIcon;
				CODE_SIGN_STYLE = Automatic;
				DEVELOPMENT_TEAM = RVK6SHC3T3;
				INFOPLIST_FILE = TransformersAppSwift/Info.plist;
				LD_RUNPATH_SEARCH_PATHS = (
					"$(inherited)",
					"@executable_path/Frameworks",
				);
				PRODUCT_BUNDLE_IDENTIFIER = com.test.TransformersAppSwift;
				PRODUCT_NAME = "$(TARGET_NAME)";
				SWIFT_VERSION = 5.0;
				TARGETED_DEVICE_FAMILY = "1,2";
			};
			name = Debug;
		};
		4E57439124B36A8600396792 /* Release */ = {
			isa = XCBuildConfiguration;
			buildSettings = {
				ASSETCATALOG_COMPILER_APPICON_NAME = AppIcon;
				CODE_SIGN_STYLE = Automatic;
				DEVELOPMENT_TEAM = RVK6SHC3T3;
				INFOPLIST_FILE = TransformersAppSwift/Info.plist;
				LD_RUNPATH_SEARCH_PATHS = (
					"$(inherited)",
					"@executable_path/Frameworks",
				);
				PRODUCT_BUNDLE_IDENTIFIER = com.test.TransformersAppSwift;
				PRODUCT_NAME = "$(TARGET_NAME)";
				SWIFT_VERSION = 5.0;
				TARGETED_DEVICE_FAMILY = "1,2";
			};
			name = Release;
		};
		4E57439324B36A8600396792 /* Debug */ = {
			isa = XCBuildConfiguration;
			buildSettings = {
				ALWAYS_EMBED_SWIFT_STANDARD_LIBRARIES = YES;
				BUNDLE_LOADER = "$(TEST_HOST)";
				CODE_SIGN_STYLE = Automatic;
				DEVELOPMENT_TEAM = RVK6SHC3T3;
				INFOPLIST_FILE = TransformersAppSwiftTests/Info.plist;
				IPHONEOS_DEPLOYMENT_TARGET = 13.1;
				LD_RUNPATH_SEARCH_PATHS = (
					"$(inherited)",
					"@executable_path/Frameworks",
					"@loader_path/Frameworks",
				);
				PRODUCT_BUNDLE_IDENTIFIER = com.test.TransformersAppSwiftTests;
				PRODUCT_NAME = "$(TARGET_NAME)";
				SWIFT_VERSION = 5.0;
				TARGETED_DEVICE_FAMILY = "1,2";
				TEST_HOST = "$(BUILT_PRODUCTS_DIR)/TransformersAppSwift.app/TransformersAppSwift";
			};
			name = Debug;
		};
		4E57439424B36A8600396792 /* Release */ = {
			isa = XCBuildConfiguration;
			buildSettings = {
				ALWAYS_EMBED_SWIFT_STANDARD_LIBRARIES = YES;
				BUNDLE_LOADER = "$(TEST_HOST)";
				CODE_SIGN_STYLE = Automatic;
				DEVELOPMENT_TEAM = RVK6SHC3T3;
				INFOPLIST_FILE = TransformersAppSwiftTests/Info.plist;
				IPHONEOS_DEPLOYMENT_TARGET = 13.1;
				LD_RUNPATH_SEARCH_PATHS = (
					"$(inherited)",
					"@executable_path/Frameworks",
					"@loader_path/Frameworks",
				);
				PRODUCT_BUNDLE_IDENTIFIER = com.test.TransformersAppSwiftTests;
				PRODUCT_NAME = "$(TARGET_NAME)";
				SWIFT_VERSION = 5.0;
				TARGETED_DEVICE_FAMILY = "1,2";
				TEST_HOST = "$(BUILT_PRODUCTS_DIR)/TransformersAppSwift.app/TransformersAppSwift";
			};
			name = Release;
		};
		4E57439624B36A8600396792 /* Debug */ = {
			isa = XCBuildConfiguration;
			buildSettings = {
				ALWAYS_EMBED_SWIFT_STANDARD_LIBRARIES = YES;
				CODE_SIGN_STYLE = Automatic;
				DEVELOPMENT_TEAM = RVK6SHC3T3;
				INFOPLIST_FILE = TransformersAppSwiftUITests/Info.plist;
				LD_RUNPATH_SEARCH_PATHS = (
					"$(inherited)",
					"@executable_path/Frameworks",
					"@loader_path/Frameworks",
				);
				PRODUCT_BUNDLE_IDENTIFIER = com.test.TransformersAppSwiftUITests;
				PRODUCT_NAME = "$(TARGET_NAME)";
				SWIFT_VERSION = 5.0;
				TARGETED_DEVICE_FAMILY = "1,2";
				TEST_TARGET_NAME = TransformersAppSwift;
			};
			name = Debug;
		};
		4E57439724B36A8600396792 /* Release */ = {
			isa = XCBuildConfiguration;
			buildSettings = {
				ALWAYS_EMBED_SWIFT_STANDARD_LIBRARIES = YES;
				CODE_SIGN_STYLE = Automatic;
				DEVELOPMENT_TEAM = RVK6SHC3T3;
				INFOPLIST_FILE = TransformersAppSwiftUITests/Info.plist;
				LD_RUNPATH_SEARCH_PATHS = (
					"$(inherited)",
					"@executable_path/Frameworks",
					"@loader_path/Frameworks",
				);
				PRODUCT_BUNDLE_IDENTIFIER = com.test.TransformersAppSwiftUITests;
				PRODUCT_NAME = "$(TARGET_NAME)";
				SWIFT_VERSION = 5.0;
				TARGETED_DEVICE_FAMILY = "1,2";
				TEST_TARGET_NAME = TransformersAppSwift;
			};
			name = Release;
		};
/* End XCBuildConfiguration section */

/* Begin XCConfigurationList section */
		4E57436024B36A8300396792 /* Build configuration list for PBXProject "TransformersAppSwift" */ = {
			isa = XCConfigurationList;
			buildConfigurations = (
				4E57438D24B36A8600396792 /* Debug */,
				4E57438E24B36A8600396792 /* Release */,
			);
			defaultConfigurationIsVisible = 0;
			defaultConfigurationName = Release;
		};
		4E57438F24B36A8600396792 /* Build configuration list for PBXNativeTarget "TransformersAppSwift" */ = {
			isa = XCConfigurationList;
			buildConfigurations = (
				4E57439024B36A8600396792 /* Debug */,
				4E57439124B36A8600396792 /* Release */,
			);
			defaultConfigurationIsVisible = 0;
			defaultConfigurationName = Release;
		};
		4E57439224B36A8600396792 /* Build configuration list for PBXNativeTarget "TransformersAppSwiftTests" */ = {
			isa = XCConfigurationList;
			buildConfigurations = (
				4E57439324B36A8600396792 /* Debug */,
				4E57439424B36A8600396792 /* Release */,
			);
			defaultConfigurationIsVisible = 0;
			defaultConfigurationName = Release;
		};
		4E57439524B36A8600396792 /* Build configuration list for PBXNativeTarget "TransformersAppSwiftUITests" */ = {
			isa = XCConfigurationList;
			buildConfigurations = (
				4E57439624B36A8600396792 /* Debug */,
				4E57439724B36A8600396792 /* Release */,
			);
			defaultConfigurationIsVisible = 0;
			defaultConfigurationName = Release;
		};
/* End XCConfigurationList section */
	};
	rootObject = 4E57435D24B36A8300396792 /* Project object */;
}
